
Microsoft Visual Studio Solution File, Format Version 10.00
# Visual Studio 2008
Project("{FAE04EC0-301F-11D3-BF4B-00C04F79EFBC}") = "LibraryLab", "..\LabLibraries\LibraryLab\LibraryLab.csproj", "{7266AE91-D308-40AC-947C-486745471E84}"
EndProject
Project("{FAE04EC0-301F-11D3-BF4B-00C04F79EFBC}") = "LibraryLabServerEngine", "..\LabLibraries\LibraryLabServerEngine\LibraryLabServerEngine.csproj", "{E8C95691-6933-4B90-85B8-27D5F308CD14}"
EndProject
Project("{FAE04EC0-301F-11D3-BF4B-00C04F79EFBC}") = "LibraryLabServer", "LibraryLabServer\LibraryLabServer.csproj", "{B5B593E5-B59D-4696-A34E-964222378406}"
EndProject
Project("{FAE04EC0-301F-11D3-BF4B-00C04F79EFBC}") = "LabServer", "LabServer\LabServer.csproj", "{C3268EE9-FD28-46C4-9447-5DFE7DAF4A51}"
EndProject
Project("{FAE04EC0-301F-11D3-BF4B-00C04F79EFBC}") = "LabClientHtml", "LabClientHtml\LabClientHtml.csproj", "{0615931B-59ED-4906-9E5D-987282328F25}"
EndProject
Project("{FAE04EC0-301F-11D3-BF4B-00C04F79EFBC}") = "LibraryLabClient", "..\LabLibraries\LibraryLabClient\LibraryLabClient.csproj", "{28EB1E05-AD5E-4702-B4F5-FE79B43FD0D3}"
EndProject
Project("{FAE04EC0-301F-11D3-BF4B-00C04F79EFBC}") = "LabEquipment", "LabEquipment\LabEquipment.csproj", "{03B46A4A-1C9B-4FB1-B316-61758E43816A}"
EndProject
Project("{FAE04EC0-301F-11D3-BF4B-00C04F79EFBC}") = "LibraryLabEquipmentEngine", "..\LabLibraries\LibraryLabEquipmentEngine\LibraryLabEquipmentEngine.csproj", "{84F5CAB3-521B-4B51-919D-4B9021027122}"
EndProject
Project("{FAE04EC0-301F-11D3-BF4B-00C04F79EFBC}") = "LibraryLabEquipment", "LibraryLabEquipment\LibraryLabEquipment.csproj", "{5E2D36F7-DB05-446F-9536-20EAED7C26C9}"
EndProject
Project("{FAE04EC0-301F-11D3-BF4B-00C04F79EFBC}") = "DummyServiceBroker", "..\LabLibraries\DummyServiceBroker\DummyServiceBroker.csproj", "{AB654DB1-33F6-4DBB-8ECA-39D82E77C249}"
EndProject
Project("{2150E333-8FDC-42A3-9474-1A3956D46DE8}") = "DB_Scripts", "DB_Scripts", "{81AB0EF5-824F-4853-90EE-426B6BDF21D3}"
	ProjectSection(SolutionItems) = preProject
		Published\DB_Scripts\LabServerDefaultValues.sql = Published\DB_Scripts\LabServerDefaultValues.sql
		Published\DB_Scripts\LabServerProcedures.sql = Published\DB_Scripts\LabServerProcedures.sql
		Published\DB_Scripts\LabServerTables.sql = Published\DB_Scripts\LabServerTables.sql
	EndProjectSection
EndProject
Global
	GlobalSection(SolutionConfigurationPlatforms) = preSolution
		Debug|Any CPU = Debug|Any CPU
		Release|Any CPU = Release|Any CPU
	EndGlobalSection
	GlobalSection(ProjectConfigurationPlatforms) = postSolution
		{7266AE91-D308-40AC-947C-486745471E84}.Debug|Any CPU.ActiveCfg = Debug|Any CPU
		{7266AE91-D308-40AC-947C-486745471E84}.Debug|Any CPU.Build.0 = Debug|Any CPU
		{7266AE91-D308-40AC-947C-486745471E84}.Release|Any CPU.ActiveCfg = Release|Any CPU
		{7266AE91-D308-40AC-947C-486745471E84}.Release|Any CPU.Build.0 = Release|Any CPU
		{E8C95691-6933-4B90-85B8-27D5F308CD14}.Debug|Any CPU.ActiveCfg = Debug|Any CPU
		{E8C95691-6933-4B90-85B8-27D5F308CD14}.Debug|Any CPU.Build.0 = Debug|Any CPU
		{E8C95691-6933-4B90-85B8-27D5F308CD14}.Release|Any CPU.ActiveCfg = Release|Any CPU
		{E8C95691-6933-4B90-85B8-27D5F308CD14}.Release|Any CPU.Build.0 = Release|Any CPU
		{B5B593E5-B59D-4696-A34E-964222378406}.Debug|Any CPU.ActiveCfg = Debug|Any CPU
		{B5B593E5-B59D-4696-A34E-964222378406}.Debug|Any CPU.Build.0 = Debug|Any CPU
		{B5B593E5-B59D-4696-A34E-964222378406}.Release|Any CPU.ActiveCfg = Release|Any CPU
		{B5B593E5-B59D-4696-A34E-964222378406}.Release|Any CPU.Build.0 = Release|Any CPU
		{C3268EE9-FD28-46C4-9447-5DFE7DAF4A51}.Debug|Any CPU.ActiveCfg = Debug|Any CPU
		{C3268EE9-FD28-46C4-9447-5DFE7DAF4A51}.Debug|Any CPU.Build.0 = Debug|Any CPU
		{C3268EE9-FD28-46C4-9447-5DFE7DAF4A51}.Release|Any CPU.ActiveCfg = Release|Any CPU
		{C3268EE9-FD28-46C4-9447-5DFE7DAF4A51}.Release|Any CPU.Build.0 = Release|Any CPU
		{0615931B-59ED-4906-9E5D-987282328F25}.Debug|Any CPU.ActiveCfg = Debug|Any CPU
		{0615931B-59ED-4906-9E5D-987282328F25}.Debug|Any CPU.Build.0 = Debug|Any CPU
		{0615931B-59ED-4906-9E5D-987282328F25}.Release|Any CPU.ActiveCfg = Release|Any CPU
		{0615931B-59ED-4906-9E5D-987282328F25}.Release|Any CPU.Build.0 = Release|Any CPU
		{28EB1E05-AD5E-4702-B4F5-FE79B43FD0D3}.Debug|Any CPU.ActiveCfg = Debug|Any CPU
		{28EB1E05-AD5E-4702-B4F5-FE79B43FD0D3}.Debug|Any CPU.Build.0 = Debug|Any CPU
		{28EB1E05-AD5E-4702-B4F5-FE79B43FD0D3}.Release|Any CPU.ActiveCfg = Release|Any CPU
		{28EB1E05-AD5E-4702-B4F5-FE79B43FD0D3}.Release|Any CPU.Build.0 = Release|Any CPU
		{03B46A4A-1C9B-4FB1-B316-61758E43816A}.Debug|Any CPU.ActiveCfg = Debug|Any CPU
		{03B46A4A-1C9B-4FB1-B316-61758E43816A}.Debug|Any CPU.Build.0 = Debug|Any CPU
		{03B46A4A-1C9B-4FB1-B316-61758E43816A}.Release|Any CPU.ActiveCfg = Release|Any CPU
		{03B46A4A-1C9B-4FB1-B316-61758E43816A}.Release|Any CPU.Build.0 = Release|Any CPU
		{84F5CAB3-521B-4B51-919D-4B9021027122}.Debug|Any CPU.ActiveCfg = Debug|Any CPU
		{84F5CAB3-521B-4B51-919D-4B9021027122}.Debug|Any CPU.Build.0 = Debug|Any CPU
		{84F5CAB3-521B-4B51-919D-4B9021027122}.Release|Any CPU.ActiveCfg = Release|Any CPU
		{84F5CAB3-521B-4B51-919D-4B9021027122}.Release|Any CPU.Build.0 = Release|Any CPU
		{5E2D36F7-DB05-446F-9536-20EAED7C26C9}.Debug|Any CPU.ActiveCfg = Debug|Any CPU
		{5E2D36F7-DB05-446F-9536-20EAED7C26C9}.Debug|Any CPU.Build.0 = Debug|Any CPU
		{5E2D36F7-DB05-446F-9536-20EAED7C26C9}.Release|Any CPU.ActiveCfg = Release|Any CPU
		{5E2D36F7-DB05-446F-9536-20EAED7C26C9}.Release|Any CPU.Build.0 = Release|Any CPU
		{AB654DB1-33F6-4DBB-8ECA-39D82E77C249}.Debug|Any CPU.ActiveCfg = Debug|Any CPU
		{AB654DB1-33F6-4DBB-8ECA-39D82E77C249}.Debug|Any CPU.Build.0 = Debug|Any CPU
		{AB654DB1-33F6-4DBB-8ECA-39D82E77C249}.Release|Any CPU.ActiveCfg = Release|Any CPU
		{AB654DB1-33F6-4DBB-8ECA-39D82E77C249}.Release|Any CPU.Build.0 = Release|Any CPU
	EndGlobalSection
	GlobalSection(SolutionProperties) = preSolution
		HideSolutionNode = FALSE
	EndGlobalSection
EndGlobal
